{
  "name": "pomoreward",
  "version": "1.0.0",
  "lockfileVersion": 2,
  "requires": true,
  "packages": {
    "": {
      "name": "pomoreward",
      "version": "1.0.0",
      "license": "ISC",
      "dependencies": {
        "chrome-types": "^0.1.132"
      }
    },
    "node_modules/chrome-types": {
      "version": "0.1.132",
      "resolved": "https://registry.npmjs.org/chrome-types/-/chrome-types-0.1.132.tgz",
      "integrity": "sha512-VTaXaltAM4NtXj6OwUBdoLNZmRLFWekWAYbS2rFwxc4TBssE1cJU8YKY7X7l8jcAtjCXURpAI1Oqqhz2R+nsWQ=="
    }
  },
  "dependencies": {
    "chrome-types": {
      "version": "0.1.132",
      "resolved": "https://registry.npmjs.org/chrome-types/-/chrome-types-0.1.132.tgz",
      "integrity": "sha512-VTaXaltAM4NtXj6OwUBdoLNZmRLFWekWAYbS2rFwxc4TBssE1cJU8YKY7X7l8jcAtjCXURpAI1Oqqhz2R+nsWQ=="
    }
  }
}
